
Microsoft Visual Studio Solution File, Format Version 12.00
# Visual Studio 15
VisualStudioVersion = 15.0.28307.329
MinimumVisualStudioVersion = 10.0.40219.1
Project("{9A19103F-16F7-4668-BE54-9A1E7A4F7556}") = "StravaVisualizer", "stravaVisualizer\StravaVisualizer.csproj", "{07FF2573-BD35-42A5-ADDE-A232D0AEAEC4}"
EndProject
Project("{9A19103F-16F7-4668-BE54-9A1E7A4F7556}") = "StravaVisualizerTest", "StravaVisualizerTest\StravaVisualizerTest.csproj", "{F6CC7F2D-0E17-401B-A9F4-0120B15D0038}"
EndProject
Project("{FAE04EC0-301F-11D3-BF4B-00C04F79EFBC}") = "IO.Swagger", "stravaApi\IO.Swagger\IO.Swagger.csproj", "{3C6A2FD3-F23C-47C4-8E7E-DC6C9F12DBEE}"
EndProject
Global
	GlobalSection(SolutionConfigurationPlatforms) = preSolution
		Debug|Any CPU = Debug|Any CPU
		Release|Any CPU = Release|Any CPU
	EndGlobalSection
	GlobalSection(ProjectConfigurationPlatforms) = postSolution
		{07FF2573-BD35-42A5-ADDE-A232D0AEAEC4}.Debug|Any CPU.ActiveCfg = Debug|Any CPU
		{07FF2573-BD35-42A5-ADDE-A232D0AEAEC4}.Debug|Any CPU.Build.0 = Debug|Any CPU
		{07FF2573-BD35-42A5-ADDE-A232D0AEAEC4}.Release|Any CPU.ActiveCfg = Release|Any CPU
		{07FF2573-BD35-42A5-ADDE-A232D0AEAEC4}.Release|Any CPU.Build.0 = Release|Any CPU
		{F6CC7F2D-0E17-401B-A9F4-0120B15D0038}.Debug|Any CPU.ActiveCfg = Debug|Any CPU
		{F6CC7F2D-0E17-401B-A9F4-0120B15D0038}.Debug|Any CPU.Build.0 = Debug|Any CPU
		{F6CC7F2D-0E17-401B-A9F4-0120B15D0038}.Release|Any CPU.ActiveCfg = Release|Any CPU
		{F6CC7F2D-0E17-401B-A9F4-0120B15D0038}.Release|Any CPU.Build.0 = Release|Any CPU
		{3C6A2FD3-F23C-47C4-8E7E-DC6C9F12DBEE}.Debug|Any CPU.ActiveCfg = Debug|Any CPU
		{3C6A2FD3-F23C-47C4-8E7E-DC6C9F12DBEE}.Debug|Any CPU.Build.0 = Debug|Any CPU
		{3C6A2FD3-F23C-47C4-8E7E-DC6C9F12DBEE}.Release|Any CPU.ActiveCfg = Release|Any CPU
		{3C6A2FD3-F23C-47C4-8E7E-DC6C9F12DBEE}.Release|Any CPU.Build.0 = Release|Any CPU
	EndGlobalSection
	GlobalSection(SolutionProperties) = preSolution
		HideSolutionNode = FALSE
	EndGlobalSection
	GlobalSection(ExtensibilityGlobals) = postSolution
		SolutionGuid = {8486689D-2A40-4C00-AC52-A9618EA889E5}
	EndGlobalSection
EndGlobal
